
Microsoft Visual Studio Solution File, Format Version 12.00
# Visual Studio 15
VisualStudioVersion = 15.0.28307.136
MinimumVisualStudioVersion = 10.0.40219.1
Project("{8BC9CEB8-8B4A-11D0-8D11-00A0C91BC942}") = "ServerChat", "ServerChat\ServerChat.vcxproj", "{66555739-9CEF-4FD4-AD75-809EB80073AF}"
EndProject
Project("{8BC9CEB8-8B4A-11D0-8D11-00A0C91BC942}") = "Client", "Client\Client.vcxproj", "{ED100143-CECA-4308-BDEB-E4DAA04951CE}"
EndProject
Global
	GlobalSection(SolutionConfigurationPlatforms) = preSolution
		Debug|x64 = Debug|x64
		Debug|x86 = Debug|x86
		Release|x64 = Release|x64
		Release|x86 = Release|x86
		Template|x64 = Template|x64
		Template|x86 = Template|x86
	EndGlobalSection
	GlobalSection(ProjectConfigurationPlatforms) = postSolution
		{66555739-9CEF-4FD4-AD75-809EB80073AF}.Debug|x64.ActiveCfg = Debug|x64
		{66555739-9CEF-4FD4-AD75-809EB80073AF}.Debug|x64.Build.0 = Debug|x64
		{66555739-9CEF-4FD4-AD75-809EB80073AF}.Debug|x86.ActiveCfg = Debug|Win32
		{66555739-9CEF-4FD4-AD75-809EB80073AF}.Debug|x86.Build.0 = Debug|Win32
		{66555739-9CEF-4FD4-AD75-809EB80073AF}.Release|x64.ActiveCfg = Release|x64
		{66555739-9CEF-4FD4-AD75-809EB80073AF}.Release|x64.Build.0 = Release|x64
		{66555739-9CEF-4FD4-AD75-809EB80073AF}.Release|x86.ActiveCfg = Release|Win32
		{66555739-9CEF-4FD4-AD75-809EB80073AF}.Release|x86.Build.0 = Release|Win32
		{66555739-9CEF-4FD4-AD75-809EB80073AF}.Template|x64.ActiveCfg = Release|x64
		{66555739-9CEF-4FD4-AD75-809EB80073AF}.Template|x64.Build.0 = Release|x64
		{66555739-9CEF-4FD4-AD75-809EB80073AF}.Template|x86.ActiveCfg = Release|Win32
		{66555739-9CEF-4FD4-AD75-809EB80073AF}.Template|x86.Build.0 = Release|Win32
		{ED100143-CECA-4308-BDEB-E4DAA04951CE}.Debug|x64.ActiveCfg = Debug|x64
		{ED100143-CECA-4308-BDEB-E4DAA04951CE}.Debug|x64.Build.0 = Debug|x64
		{ED100143-CECA-4308-BDEB-E4DAA04951CE}.Debug|x86.ActiveCfg = Debug|Win32
		{ED100143-CECA-4308-BDEB-E4DAA04951CE}.Debug|x86.Build.0 = Debug|Win32
		{ED100143-CECA-4308-BDEB-E4DAA04951CE}.Release|x64.ActiveCfg = Release|x64
		{ED100143-CECA-4308-BDEB-E4DAA04951CE}.Release|x64.Build.0 = Release|x64
		{ED100143-CECA-4308-BDEB-E4DAA04951CE}.Release|x86.ActiveCfg = Release|Win32
		{ED100143-CECA-4308-BDEB-E4DAA04951CE}.Release|x86.Build.0 = Release|Win32
		{ED100143-CECA-4308-BDEB-E4DAA04951CE}.Template|x64.ActiveCfg = Release|x64
		{ED100143-CECA-4308-BDEB-E4DAA04951CE}.Template|x64.Build.0 = Release|x64
		{ED100143-CECA-4308-BDEB-E4DAA04951CE}.Template|x86.ActiveCfg = Release|Win32
		{ED100143-CECA-4308-BDEB-E4DAA04951CE}.Template|x86.Build.0 = Release|Win32
	EndGlobalSection
	GlobalSection(SolutionProperties) = preSolution
		HideSolutionNode = FALSE
	EndGlobalSection
	GlobalSection(ExtensibilityGlobals) = postSolution
		SolutionGuid = {25B40EBF-9AD7-4B9D-B548-3BBF89F9CBCA}
	EndGlobalSection
EndGlobal
